// !$*UTF8*$!
{
	archiveVersion = 1;
	classes = {
	};
	objectVersion = 48;
	objects = {

/* Begin PBXBuildFile section */
		4771678A20A9248300DE6931 /* AppDelegate.swift in Sources */ = {isa = PBXBuildFile; fileRef = 4771678920A9248300DE6931 /* AppDelegate.swift */; };
		4771678C20A9248300DE6931 /* HomepageViewController.swift in Sources */ = {isa = PBXBuildFile; fileRef = 4771678B20A9248300DE6931 /* HomepageViewController.swift */; };
		4771678F20A9248300DE6931 /* Main.storyboard in Resources */ = {isa = PBXBuildFile; fileRef = 4771678D20A9248300DE6931 /* Main.storyboard */; };
		4771679120A9248300DE6931 /* Assets.xcassets in Resources */ = {isa = PBXBuildFile; fileRef = 4771679020A9248300DE6931 /* Assets.xcassets */; };
		4771679420A9248300DE6931 /* LaunchScreen.storyboard in Resources */ = {isa = PBXBuildFile; fileRef = 4771679220A9248300DE6931 /* LaunchScreen.storyboard */; };
		4771679C20A9254500DE6931 /* HomepageReactor.swift in Sources */ = {isa = PBXBuildFile; fileRef = 4771679B20A9254500DE6931 /* HomepageReactor.swift */; };
		591C732EC3777B2AF841A3DE /* Pods_IOS_ReactorKitTest2.framework in Frameworks */ = {isa = PBXBuildFile; fileRef = 6AA1F5501DA22273F9EA79AB /* Pods_IOS_ReactorKitTest2.framework */; };
/* End PBXBuildFile section */

/* Begin PBXFileReference section */
		4771678620A9248300DE6931 /* IOS-ReactorKitTest2.app */ = {isa = PBXFileReference; explicitFileType = wrapper.application; includeInIndex = 0; path = "IOS-ReactorKitTest2.app"; sourceTree = BUILT_PRODUCTS_DIR; };
		4771678920A9248300DE6931 /* AppDelegate.swift */ = {isa = PBXFileReference; lastKnownFileType = sourcecode.swift; path = AppDelegate.swift; sourceTree = "<group>"; };
		4771678B20A9248300DE6931 /* HomepageViewController.swift */ = {isa = PBXFileReference; lastKnownFileType = sourcecode.swift; path = HomepageViewController.swift; sourceTree = "<group>"; };
		4771678E20A9248300DE6931 /* Base */ = {isa = PBXFileReference; lastKnownFileType = file.storyboard; name = Base; path = Base.lproj/Main.storyboard; sourceTree = "<group>"; };
		4771679020A9248300DE6931 /* Assets.xcassets */ = {isa = PBXFileReference; lastKnownFileType = folder.assetcatalog; path = Assets.xcassets; sourceTree = "<group>"; };
		4771679320A9248300DE6931 /* Base */ = {isa = PBXFileReference; lastKnownFileType = file.storyboard; name = Base; path = Base.lproj/LaunchScreen.storyboard; sourceTree = "<group>"; };
		4771679520A9248300DE6931 /* Info.plist */ = {isa = PBXFileReference; lastKnownFileType = text.plist.xml; path = Info.plist; sourceTree = "<group>"; };
		4771679B20A9254500DE6931 /* HomepageReactor.swift */ = {isa = PBXFileReference; lastKnownFileType = sourcecode.swift; path = HomepageReactor.swift; sourceTree = "<group>"; };
		6AA1F5501DA22273F9EA79AB /* Pods_IOS_ReactorKitTest2.framework */ = {isa = PBXFileReference; explicitFileType = wrapper.framework; includeInIndex = 0; path = Pods_IOS_ReactorKitTest2.framework; sourceTree = BUILT_PRODUCTS_DIR; };
		8FD67DD6D54114BC8E7350EC /* Pods-IOS-ReactorKitTest2.release.xcconfig */ = {isa = PBXFileReference; includeInIndex = 1; lastKnownFileType = text.xcconfig; name = "Pods-IOS-ReactorKitTest2.release.xcconfig"; path = "Pods/Target Support Files/Pods-IOS-ReactorKitTest2/Pods-IOS-ReactorKitTest2.release.xcconfig"; sourceTree = "<group>"; };
		CE99BEF362E9BF57926840F1 /* Pods-IOS-ReactorKitTest2.debug.xcconfig */ = {isa = PBXFileReference; includeInIndex = 1; lastKnownFileType = text.xcconfig; name = "Pods-IOS-ReactorKitTest2.debug.xcconfig"; path = "Pods/Target Support Files/Pods-IOS-ReactorKitTest2/Pods-IOS-ReactorKitTest2.debug.xcconfig"; sourceTree = "<group>"; };
/* End PBXFileReference section */

/* Begin PBXFrameworksBuildPhase section */
		4771678320A9248300DE6931 /* Frameworks */ = {
			isa = PBXFrameworksBuildPhase;
			buildActionMask = 2147483647;
			files = (
				591C732EC3777B2AF841A3DE /* Pods_IOS_ReactorKitTest2.framework in Frameworks */,
			);
			runOnlyForDeploymentPostprocessing = 0;
		};
/* End PBXFrameworksBuildPhase section */

/* Begin PBXGroup section */
		21CD7DA6C19AFC9D59C30B64 /* Pods */ = {
			isa = PBXGroup;
			children = (
				CE99BEF362E9BF57926840F1 /* Pods-IOS-ReactorKitTest2.debug.xcconfig */,
				8FD67DD6D54114BC8E7350EC /* Pods-IOS-ReactorKitTest2.release.xcconfig */,
			);
			name = Pods;
			sourceTree = "<group>";
		};
		4771677D20A9248300DE6931 = {
			isa = PBXGroup;
			children = (
				4771678820A9248300DE6931 /* IOS-ReactorKitTest2 */,
				4771678720A9248300DE6931 /* Products */,
				21CD7DA6C19AFC9D59C30B64 /* Pods */,
				48E964CD617485E500D2E7EF /* Frameworks */,
			);
			sourceTree = "<group>";
		};
		4771678720A9248300DE6931 /* Products */ = {
			isa = PBXGroup;
			children = (
				4771678620A9248300DE6931 /* IOS-ReactorKitTest2.app */,
			);
			name = Products;
			sourceTree = "<group>";
		};
		4771678820A9248300DE6931 /* IOS-ReactorKitTest2 */ = {
			isa = PBXGroup;
			children = (
				4771678920A9248300DE6931 /* AppDelegate.swift */,
				4771678B20A9248300DE6931 /* HomepageViewController.swift */,
				4771679B20A9254500DE6931 /* HomepageReactor.swift */,
				4771678D20A9248300DE6931 /* Main.storyboard */,
				4771679020A9248300DE6931 /* Assets.xcassets */,
				4771679220A9248300DE6931 /* LaunchScreen.storyboard */,
				4771679520A9248300DE6931 /* Info.plist */,
			);
			path = "IOS-ReactorKitTest2";
			sourceTree = "<group>";
		};
		48E964CD617485E500D2E7EF /* Frameworks */ = {
			isa = PBXGroup;
			children = (
				6AA1F5501DA22273F9EA79AB /* Pods_IOS_ReactorKitTest2.framework */,
			);
			name = Frameworks;
			sourceTree = "<group>";
		};
/* End PBXGroup section */

/* Begin PBXNativeTarget section */
		4771678520A9248300DE6931 /* IOS-ReactorKitTest2 */ = {
			isa = PBXNativeTarget;
			buildConfigurationList = 4771679820A9248300DE6931 /* Build configuration list for PBXNativeTarget "IOS-ReactorKitTest2" */;
			buildPhases = (
				E103E2B50301CA589FFD2942 /* [CP] Check Pods Manifest.lock */,
				4771678220A9248300DE6931 /* Sources */,
				4771678320A9248300DE6931 /* Frameworks */,
				4771678420A9248300DE6931 /* Resources */,
				58F64666D183E32234BA3069 /* [CP] Embed Pods Frameworks */,
				7DE3919B76C5222E70699F56 /* [CP] Copy Pods Resources */,
			);
			buildRules = (
			);
			dependencies = (
			);
			name = "IOS-ReactorKitTest2";
			productName = "IOS-ReactorKitTest2";
			productReference = 4771678620A9248300DE6931 /* IOS-ReactorKitTest2.app */;
			productType = "com.apple.product-type.application";
		};
/* End PBXNativeTarget section */

/* Begin PBXProject section */
		4771677E20A9248300DE6931 /* Project object */ = {
			isa = PBXProject;
			attributes = {
				LastSwiftUpdateCheck = 0920;
				LastUpgradeCheck = 0920;
				ORGANIZATIONNAME = HengVisal;
				TargetAttributes = {
					4771678520A9248300DE6931 = {
						CreatedOnToolsVersion = 9.2;
						ProvisioningStyle = Automatic;
					};
				};
			};
			buildConfigurationList = 4771678120A9248300DE6931 /* Build configuration list for PBXProject "IOS-ReactorKitTest2" */;
			compatibilityVersion = "Xcode 8.0";
			developmentRegion = en;
			hasScannedForEncodings = 0;
			knownRegions = (
				en,
				Base,
			);
			mainGroup = 4771677D20A9248300DE6931;
			productRefGroup = 4771678720A9248300DE6931 /* Products */;
			projectDirPath = "";
			projectRoot = "";
			targets = (
				4771678520A9248300DE6931 /* IOS-ReactorKitTest2 */,
			);
		};
/* End PBXProject section */

/* Begin PBXResourcesBuildPhase section */
		4771678420A9248300DE6931 /* Resources */ = {
			isa = PBXResourcesBuildPhase;
			buildActionMask = 2147483647;
			files = (
				4771679420A9248300DE6931 /* LaunchScreen.storyboard in Resources */,
				4771679120A9248300DE6931 /* Assets.xcassets in Resources */,
				4771678F20A9248300DE6931 /* Main.storyboard in Resources */,
			);
			runOnlyForDeploymentPostprocessing = 0;
		};
/* End PBXResourcesBuildPhase section */

/* Begin PBXShellScriptBuildPhase section */
		58F64666D183E32234BA3069 /* [CP] Embed Pods Frameworks */ = {
			isa = PBXShellScriptBuildPhase;
			buildActionMask = 2147483647;
			files = (
			);
			inputPaths = (
				"${SRCROOT}/Pods/Target Support Files/Pods-IOS-ReactorKitTest2/Pods-IOS-ReactorKitTest2-frameworks.sh",
				"${BUILT_PRODUCTS_DIR}/ReactorKit/ReactorKit.framework",
				"${BUILT_PRODUCTS_DIR}/RxCocoa/RxCocoa.framework",
				"${BUILT_PRODUCTS_DIR}/RxSwift/RxSwift.framework",
				"${BUILT_PRODUCTS_DIR}/SnapKit/SnapKit.framework",
			);
			name = "[CP] Embed Pods Frameworks";
			outputPaths = (
				"${TARGET_BUILD_DIR}/${FRAMEWORKS_FOLDER_PATH}/ReactorKit.framework",
				"${TARGET_BUILD_DIR}/${FRAMEWORKS_FOLDER_PATH}/RxCocoa.framework",
				"${TARGET_BUILD_DIR}/${FRAMEWORKS_FOLDER_PATH}/RxSwift.framework",
				"${TARGET_BUILD_DIR}/${FRAMEWORKS_FOLDER_PATH}/SnapKit.framework",
			);
			runOnlyForDeploymentPostprocessing = 0;
			shellPath = /bin/sh;
			shellScript = "\"${SRCROOT}/Pods/Target Support Files/Pods-IOS-ReactorKitTest2/Pods-IOS-ReactorKitTest2-frameworks.sh\"\n";
			showEnvVarsInLog = 0;
		};
		7DE3919B76C5222E70699F56 /* [CP] Copy Pods Resources */ = {
			isa = PBXShellScriptBuildPhase;
			buildActionMask = 2147483647;
			files = (
			);
			inputPaths = (
			);
			name = "[CP] Copy Pods Resources";
			outputPaths = (
			);
			runOnlyForDeploymentPostprocessing = 0;
			shellPath = /bin/sh;
			shellScript = "\"${SRCROOT}/Pods/Target Support Files/Pods-IOS-ReactorKitTest2/Pods-IOS-ReactorKitTest2-resources.sh\"\n";
			showEnvVarsInLog = 0;
		};
		E103E2B50301CA589FFD2942 /* [CP] Check Pods Manifest.lock */ = {
			isa = PBXShellScriptBuildPhase;
			buildActionMask = 2147483647;
			files = (
			);
			inputPaths = (
				"${PODS_PODFILE_DIR_PATH}/Podfile.lock",
				"${PODS_ROOT}/Manifest.lock",
			);
			name = "[CP] Check Pods Manifest.lock";
			outputPaths = (
				"$(DERIVED_FILE_DIR)/Pods-IOS-ReactorKitTest2-checkManifestLockResult.txt",
			);
			runOnlyForDeploymentPostprocessing = 0;
			shellPath = /bin/sh;
			shellScript = "diff \"${PODS_PODFILE_DIR_PATH}/Podfile.lock\" \"${PODS_ROOT}/Manifest.lock\" > /dev/null\nif [ $? != 0 ] ; then\n    # print error to STDERR\n    echo \"error: The sandbox is not in sync with the Podfile.lock. Run 'pod install' or update your CocoaPods installation.\" >&2\n    exit 1\nfi\n# This output is used by Xcode 'outputs' to avoid re-running this script phase.\necho \"SUCCESS\" > \"${SCRIPT_OUTPUT_FILE_0}\"\n";
			showEnvVarsInLog = 0;
		};
/* End PBXShellScriptBuildPhase section */

/* Begin PBXSourcesBuildPhase section */
		4771678220A9248300DE6931 /* Sources */ = {
			isa = PBXSourcesBuildPhase;
			buildActionMask = 2147483647;
			files = (
				4771678C20A9248300DE6931 /* HomepageViewController.swift in Sources */,
				4771679C20A9254500DE6931 /* HomepageReactor.swift in Sources */,
				4771678A20A9248300DE6931 /* AppDelegate.swift in Sources */,
			);
			runOnlyForDeploymentPostprocessing = 0;
		};
/* End PBXSourcesBuildPhase section */

/* Begin PBXVariantGroup section */
		4771678D20A9248300DE6931 /* Main.storyboard */ = {
			isa = PBXVariantGroup;
			children = (
				4771678E20A9248300DE6931 /* Base */,
			);
			name = Main.storyboard;
			sourceTree = "<group>";
		};
		4771679220A9248300DE6931 /* LaunchScreen.storyboard */ = {
			isa = PBXVariantGroup;
			children = (
				4771679320A9248300DE6931 /* Base */,
			);
			name = LaunchScreen.storyboard;
			sourceTree = "<group>";
		};
/* End PBXVariantGroup section */

/* Begin XCBuildConfiguration section */
		4771679620A9248300DE6931 /* Debug */ = {
			isa = XCBuildConfiguration;
			buildSettings = {
				ALWAYS_SEARCH_USER_PATHS = NO;
				CLANG_ANALYZER_NONNULL = YES;
				CLANG_ANALYZER_NUMBER_OBJECT_CONVERSION = YES_AGGRESSIVE;
				CLANG_CXX_LANGUAGE_STANDARD = "gnu++14";
				CLANG_CXX_LIBRARY = "libc++";
				CLANG_ENABLE_MODULES = YES;
				CLANG_ENABLE_OBJC_ARC = YES;
				CLANG_WARN_BLOCK_CAPTURE_AUTORELEASING = YES;
				CLANG_WARN_BOOL_CONVERSION = YES;
				CLANG_WARN_COMMA = YES;
				CLANG_WARN_CONSTANT_CONVERSION = YES;
				CLANG_WARN_DIRECT_OBJC_ISA_USAGE = YES_ERROR;
				CLANG_WARN_DOCUMENTATION_COMMENTS = YES;
				CLANG_WARN_EMPTY_BODY = YES;
				CLANG_WARN_ENUM_CONVERSION = YES;
				CLANG_WARN_INFINITE_RECURSION = YES;
				CLANG_WARN_INT_CONVERSION = YES;
				CLANG_WARN_NON_LITERAL_NULL_CONVERSION = YES;
				CLANG_WARN_OBJC_LITERAL_CONVERSION = YES;
				CLANG_WARN_OBJC_ROOT_CLASS = YES_ERROR;
				CLANG_WARN_RANGE_LOOP_ANALYSIS = YES;
				CLANG_WARN_STRICT_PROTOTYPES = YES;
				CLANG_WARN_SUSPICIOUS_MOVE = YES;
				CLANG_WARN_UNGUARDED_AVAILABILITY = YES_AGGRESSIVE;
				CLANG_WARN_UNREACHABLE_CODE = YES;
				CLANG_WARN__DUPLICATE_METHOD_MATCH = YES;
				CODE_SIGN_IDENTITY = "iPhone Developer";
				COPY_PHASE_STRIP = NO;
				DEBUG_INFORMATION_FORMAT = dwarf;
				ENABLE_STRICT_OBJC_MSGSEND = YES;
				ENABLE_TESTABILITY = YES;
				GCC_C_LANGUAGE_STANDARD = gnu11;
				GCC_DYNAMIC_NO_PIC = NO;
				GCC_NO_COMMON_BLOCKS = YES;
				GCC_OPTIMIZATION_LEVEL = 0;
				GCC_PREPROCESSOR_DEFINITIONS = (
					"DEBUG=1",
					"$(inherited)",
				);
				GCC_WARN_64_TO_32_BIT_CONVERSION = YES;
				GCC_WARN_ABOUT_RETURN_TYPE = YES_ERROR;
				GCC_WARN_UNDECLARED_SELECTOR = YES;
				GCC_WARN_UNINITIALIZED_AUTOS = YES_AGGRESSIVE;
				GCC_WARN_UNUSED_FUNCTION = YES;
				GCC_WARN_UNUSED_VARIABLE = YES;
				IPHONEOS_DEPLOYMENT_TARGET = 11.2;
				MTL_ENABLE_DEBUG_INFO = YES;
				ONLY_ACTIVE_ARCH = YES;
				SDKROOT = iphoneos;
				SWIFT_ACTIVE_COMPILATION_CONDITIONS = DEBUG;
				SWIFT_OPTIMIZATION_LEVEL = "-Onone";
			};
			name = Debug;
		};
		4771679720A9248300DE6931 /* Release */ = {
			isa = XCBuildConfiguration;
			buildSettings = {
				ALWAYS_SEARCH_USER_PATHS = NO;
				CLANG_ANALYZER_NONNULL = YES;
				CLANG_ANALYZER_NUMBER_OBJECT_CONVERSION = YES_AGGRESSIVE;
				CLANG_CXX_LANGUAGE_STANDARD = "gnu++14";
				CLANG_CXX_LIBRARY = "libc++";
				CLANG_ENABLE_MODULES = YES;
				CLANG_ENABLE_OBJC_ARC = YES;
				CLANG_WARN_BLOCK_CAPTURE_AUTORELEASING = YES;
				CLANG_WARN_BOOL_CONVERSION = YES;
				CLANG_WARN_COMMA = YES;
				CLANG_WARN_CONSTANT_CONVERSION = YES;
				CLANG_WARN_DIRECT_OBJC_ISA_USAGE = YES_ERROR;
				CLANG_WARN_DOCUMENTATION_COMMENTS = YES;
				CLANG_WARN_EMPTY_BODY = YES;
				CLANG_WARN_ENUM_CONVERSION = YES;
				CLANG_WARN_INFINITE_RECURSION = YES;
				CLANG_WARN_INT_CONVERSION = YES;
				CLANG_WARN_NON_LITERAL_NULL_CONVERSION = YES;
				CLANG_WARN_OBJC_LITERAL_CONVERSION = YES;
				CLANG_WARN_OBJC_ROOT_CLASS = YES_ERROR;
				CLANG_WARN_RANGE_LOOP_ANALYSIS = YES;
				CLANG_WARN_STRICT_PROTOTYPES = YES;
				CLANG_WARN_SUSPICIOUS_MOVE = YES;
				CLANG_WARN_UNGUARDED_AVAILABILITY = YES_AGGRESSIVE;
				CLANG_WARN_UNREACHABLE_CODE = YES;
				CLANG_WARN__DUPLICATE_METHOD_MATCH = YES;
				CODE_SIGN_IDENTITY = "iPhone Developer";
				COPY_PHASE_STRIP = NO;
				DEBUG_INFORMATION_FORMAT = "dwarf-with-dsym";
				ENABLE_NS_ASSERTIONS = NO;
				ENABLE_STRICT_OBJC_MSGSEND = YES;
				GCC_C_LANGUAGE_STANDARD = gnu11;
				GCC_NO_COMMON_BLOCKS = YES;
				GCC_WARN_64_TO_32_BIT_CONVERSION = YES;
				GCC_WARN_ABOUT_RETURN_TYPE = YES_ERROR;
				GCC_WARN_UNDECLARED_SELECTOR = YES;
				GCC_WARN_UNINITIALIZED_AUTOS = YES_AGGRESSIVE;
				GCC_WARN_UNUSED_FUNCTION = YES;
				GCC_WARN_UNUSED_VARIABLE = YES;
				IPHONEOS_DEPLOYMENT_TARGET = 11.2;
				MTL_ENABLE_DEBUG_INFO = NO;
				SDKROOT = iphoneos;
				SWIFT_OPTIMIZATION_LEVEL = "-Owholemodule";
				VALIDATE_PRODUCT = YES;
			};
			name = Release;
		};
		4771679920A9248300DE6931 /* Debug */ = {
			isa = XCBuildConfiguration;
			baseConfigurationReference = CE99BEF362E9BF57926840F1 /* Pods-IOS-ReactorKitTest2.debug.xcconfig */;
			buildSettings = {
				ASSETCATALOG_COMPILER_APPICON_NAME = AppIcon;
				CODE_SIGN_STYLE = Automatic;
				DEVELOPMENT_TEAM = 93GSU5NMZY;
				INFOPLIST_FILE = "IOS-ReactorKitTest2/Info.plist";
				LD_RUNPATH_SEARCH_PATHS = "$(inherited) @executable_path/Frameworks";
				PRODUCT_BUNDLE_IDENTIFIER = "quad.com.IOS-ReactorKitTest2";
				PRODUCT_NAME = "$(TARGET_NAME)";
				SWIFT_VERSION = 4.0;
				TARGETED_DEVICE_FAMILY = "1,2";
			};
			name = Debug;
		};
		4771679A20A9248300DE6931 /* Release */ = {
			isa = XCBuildConfiguration;
			baseConfigurationReference = 8FD67DD6D54114BC8E7350EC /* Pods-IOS-ReactorKitTest2.release.xcconfig */;
			buildSettings = {
				ASSETCATALOG_COMPILER_APPICON_NAME = AppIcon;
				CODE_SIGN_STYLE = Automatic;
				DEVELOPMENT_TEAM = 93GSU5NMZY;
				INFOPLIST_FILE = "IOS-ReactorKitTest2/Info.plist";
				LD_RUNPATH_SEARCH_PATHS = "$(inherited) @executable_path/Frameworks";
				PRODUCT_BUNDLE_IDENTIFIER = "quad.com.IOS-ReactorKitTest2";
				PRODUCT_NAME = "$(TARGET_NAME)";
				SWIFT_VERSION = 4.0;
				TARGETED_DEVICE_FAMILY = "1,2";
			};
			name = Release;
		};
/* End XCBuildConfiguration section */

/* Begin XCConfigurationList section */
		4771678120A9248300DE6931 /* Build configuration list for PBXProject "IOS-ReactorKitTest2" */ = {
			isa = XCConfigurationList;
			buildConfigurations = (
				4771679620A9248300DE6931 /* Debug */,
				4771679720A9248300DE6931 /* Release */,
			);
			defaultConfigurationIsVisible = 0;
			defaultConfigurationName = Release;
		};
		4771679820A9248300DE6931 /* Build configuration list for PBXNativeTarget "IOS-ReactorKitTest2" */ = {
			isa = XCConfigurationList;
			buildConfigurations = (
				4771679920A9248300DE6931 /* Debug */,
				4771679A20A9248300DE6931 /* Release */,
			);
			defaultConfigurationIsVisible = 0;
			defaultConfigurationName = Release;
		};
/* End XCConfigurationList section */
	};
	rootObject = 4771677E20A9248300DE6931 /* Project object */;
}
